lockfileVersion: '6.0'

settings:
  autoInstallPeers: true
  excludeLinksFromLockfile: false

dependencies:
  '@playcanvas/react':
    specifier: ^0.1.22
    version: 0.1.22(playcanvas@2.2.2)(react-dom@18.3.1)(react@18.3.1)
  '@tanstack/react-query':
    specifier: ^5.60.5
    version: 5.61.5(react@18.3.1)
  leva:
    specifier: ^0.9.35
    version: 0.9.35(@types/react-dom@18.3.0)(@types/react@18.3.1)(react-dom@18.3.1)(react@18.3.1)
  next:
    specifier: 15.0.3
    version: 15.0.3(react-dom@18.3.1)(react@18.3.1)
  playcanvas:
    specifier: ^2.2.2
    version: 2.2.2
  react:
    specifier: 18.3.1
    version: 18.3.1
  react-dom:
    specifier: 18.3.1
    version: 18.3.1(react@18.3.1)
  react-error-boundary:
    specifier: ^4.1.2
    version: 4.1.2(react@18.3.1)

devDependencies:
  '@types/node':
    specifier: ^20
    version: 20.17.8
  '@types/react':
    specifier: 18.3.1
    version: 18.3.1
  '@types/react-dom':
    specifier: 18.3.0
    version: 18.3.0
  typescript:
    specifier: 5.5.4
    version: 5.5.4

packages:

  /@babel/runtime@7.26.0:
    resolution: {integrity: sha512-FDSOghenHTiToteC/QRlv2q3DhPZ/oOXTBoirfWNx1Cx3TMVcGWQtMMmQcSvb/JjpNeGzx8Pq/b4fKEJuWm1sw==}
    engines: {node: '>=6.9.0'}
    dependencies:
      regenerator-runtime: 0.14.1
    dev: false

  /@emnapi/runtime@1.3.1:
    resolution: {integrity: sha512-kEBmG8KyqtxJZv+ygbEim+KCGtIq1fC22Ms3S4ziXmYKm8uyoLX0MHONVKwp+9opg390VaKRNt4a7A9NwmpNhw==}
    requiresBuild: true
    dependencies:
      tslib: 2.8.1
    dev: false
    optional: true

  /@floating-ui/core@1.6.8:
    resolution: {integrity: sha512-7XJ9cPU+yI2QeLS+FCSlqNFZJq8arvswefkZrYI1yQBbftw6FyrZOxYSh+9S7z7TpeWlRt9zJ5IhM1WIL334jA==}
    dependencies:
      '@floating-ui/utils': 0.2.8
    dev: false

  /@floating-ui/dom@1.6.12:
    resolution: {integrity: sha512-NP83c0HjokcGVEMeoStg317VD9W7eDlGK7457dMBANbKA6GJZdc7rjujdgqzTaz93jkGgc5P/jeWbaCHnMNc+w==}
    dependencies:
      '@floating-ui/core': 1.6.8
      '@floating-ui/utils': 0.2.8
    dev: false

  /@floating-ui/react-dom@2.1.2(react-dom@18.3.1)(react@18.3.1):
    resolution: {integrity: sha512-06okr5cgPzMNBy+Ycse2A6udMi4bqwW/zgBF/rwjcNqWkyr82Mcg8b0vjX8OJpZFy/FKjJmw6wV7t44kK6kW7A==}
    peerDependencies:
      react: '>=16.8.0'
      react-dom: '>=16.8.0'
    dependencies:
      '@floating-ui/dom': 1.6.12
      react: 18.3.1
      react-dom: 18.3.1(react@18.3.1)
    dev: false

  /@floating-ui/utils@0.2.8:
    resolution: {integrity: sha512-kym7SodPp8/wloecOpcmSnWJsK7M0E5Wg8UcFA+uO4B9s5d0ywXOEro/8HM9x0rW+TljRzul/14UYz3TleT3ig==}
    dev: false

  /@img/sharp-darwin-arm64@0.33.5:
    resolution: {integrity: sha512-UT4p+iz/2H4twwAoLCqfA9UH5pI6DggwKEGuaPy7nCVQ8ZsiY5PIcrRvD1DzuY3qYL07NtIQcWnBSY/heikIFQ==}
    engines: {node: ^18.17.0 || ^20.3.0 || >=21.0.0}
    cpu: [arm64]
    os: [darwin]
    requiresBuild: true
    optionalDependencies:
      '@img/sharp-libvips-darwin-arm64': 1.0.4
    dev: false
    optional: true

  /@img/sharp-darwin-x64@0.33.5:
    resolution: {integrity: sha512-fyHac4jIc1ANYGRDxtiqelIbdWkIuQaI84Mv45KvGRRxSAa7o7d1ZKAOBaYbnepLC1WqxfpimdeWfvqqSGwR2Q==}
    engines: {node: ^18.17.0 || ^20.3.0 || >=21.0.0}
    cpu: [x64]
    os: [darwin]
    requiresBuild: true
    optionalDependencies:
      '@img/sharp-libvips-darwin-x64': 1.0.4
    dev: false
    optional: true

  /@img/sharp-libvips-darwin-arm64@1.0.4:
    resolution: {integrity: sha512-XblONe153h0O2zuFfTAbQYAX2JhYmDHeWikp1LM9Hul9gVPjFY427k6dFEcOL72O01QxQsWi761svJ/ev9xEDg==}
    cpu: [arm64]
    os: [darwin]
    requiresBuild: true
    dev: false
    optional: true

  /@img/sharp-libvips-darwin-x64@1.0.4:
    resolution: {integrity: sha512-xnGR8YuZYfJGmWPvmlunFaWJsb9T/AO2ykoP3Fz/0X5XV2aoYBPkX6xqCQvUTKKiLddarLaxpzNe+b1hjeWHAQ==}
    cpu: [x64]
    os: [darwin]
    requiresBuild: true
    dev: false
    optional: true

  /@img/sharp-libvips-linux-arm64@1.0.4:
    resolution: {integrity: sha512-9B+taZ8DlyyqzZQnoeIvDVR/2F4EbMepXMc/NdVbkzsJbzkUjhXv/70GQJ7tdLA4YJgNP25zukcxpX2/SueNrA==}
    cpu: [arm64]
    os: [linux]
    requiresBuild: true
    dev: false
    optional: true

  /@img/sharp-libvips-linux-arm@1.0.5:
    resolution: {integrity: sha512-gvcC4ACAOPRNATg/ov8/MnbxFDJqf/pDePbBnuBDcjsI8PssmjoKMAz4LtLaVi+OnSb5FK/yIOamqDwGmXW32g==}
    cpu: [arm]
    os: [linux]
    requiresBuild: true
    dev: false
    optional: true

  /@img/sharp-libvips-linux-s390x@1.0.4:
    resolution: {integrity: sha512-u7Wz6ntiSSgGSGcjZ55im6uvTrOxSIS8/dgoVMoiGE9I6JAfU50yH5BoDlYA1tcuGS7g/QNtetJnxA6QEsCVTA==}
    cpu: [s390x]
    os: [linux]
    requiresBuild: true
    dev: false
    optional: true

  /@img/sharp-libvips-linux-x64@1.0.4:
    resolution: {integrity: sha512-MmWmQ3iPFZr0Iev+BAgVMb3ZyC4KeFc3jFxnNbEPas60e1cIfevbtuyf9nDGIzOaW9PdnDciJm+wFFaTlj5xYw==}
    cpu: [x64]
    os: [linux]
    requiresBuild: true
    dev: false
    optional: true

  /@img/sharp-libvips-linuxmusl-arm64@1.0.4:
    resolution: {integrity: sha512-9Ti+BbTYDcsbp4wfYib8Ctm1ilkugkA/uscUn6UXK1ldpC1JjiXbLfFZtRlBhjPZ5o1NCLiDbg8fhUPKStHoTA==}
    cpu: [arm64]
    os: [linux]
    requiresBuild: true
    dev: false
    optional: true

  /@img/sharp-libvips-linuxmusl-x64@1.0.4:
    resolution: {integrity: sha512-viYN1KX9m+/hGkJtvYYp+CCLgnJXwiQB39damAO7WMdKWlIhmYTfHjwSbQeUK/20vY154mwezd9HflVFM1wVSw==}
    cpu: [x64]
    os: [linux]
    requiresBuild: true
    dev: false
    optional: true

  /@img/sharp-linux-arm64@0.33.5:
    resolution: {integrity: sha512-JMVv+AMRyGOHtO1RFBiJy/MBsgz0x4AWrT6QoEVVTyh1E39TrCUpTRI7mx9VksGX4awWASxqCYLCV4wBZHAYxA==}
    engines: {node: ^18.17.0 || ^20.3.0 || >=21.0.0}
    cpu: [arm64]
    os: [linux]
    requiresBuild: true
    optionalDependencies:
      '@img/sharp-libvips-linux-arm64': 1.0.4
    dev: false
    optional: true

  /@img/sharp-linux-arm@0.33.5:
    resolution: {integrity: sha512-JTS1eldqZbJxjvKaAkxhZmBqPRGmxgu+qFKSInv8moZ2AmT5Yib3EQ1c6gp493HvrvV8QgdOXdyaIBrhvFhBMQ==}
    engines: {node: ^18.17.0 || ^20.3.0 || >=21.0.0}
    cpu: [arm]
    os: [linux]
    requiresBuild: true
    optionalDependencies:
      '@img/sharp-libvips-linux-arm': 1.0.5
    dev: false
    optional: true

  /@img/sharp-linux-s390x@0.33.5:
    resolution: {integrity: sha512-y/5PCd+mP4CA/sPDKl2961b+C9d+vPAveS33s6Z3zfASk2j5upL6fXVPZi7ztePZ5CuH+1kW8JtvxgbuXHRa4Q==}
    engines: {node: ^18.17.0 || ^20.3.0 || >=21.0.0}
    cpu: [s390x]
    os: [linux]
    requiresBuild: true
    optionalDependencies:
      '@img/sharp-libvips-linux-s390x': 1.0.4
    dev: false
    optional: true

  /@img/sharp-linux-x64@0.33.5:
    resolution: {integrity: sha512-opC+Ok5pRNAzuvq1AG0ar+1owsu842/Ab+4qvU879ippJBHvyY5n2mxF1izXqkPYlGuP/M556uh53jRLJmzTWA==}
    engines: {node: ^18.17.0 || ^20.3.0 || >=21.0.0}
    cpu: [x64]
    os: [linux]
    requiresBuild: true
    optionalDependencies:
      '@img/sharp-libvips-linux-x64': 1.0.4
    dev: false
    optional: true

  /@img/sharp-linuxmusl-arm64@0.33.5:
    resolution: {integrity: sha512-XrHMZwGQGvJg2V/oRSUfSAfjfPxO+4DkiRh6p2AFjLQztWUuY/o8Mq0eMQVIY7HJ1CDQUJlxGGZRw1a5bqmd1g==}
    engines: {node: ^18.17.0 || ^20.3.0 || >=21.0.0}
    cpu: [arm64]
    os: [linux]
    requiresBuild: true
    optionalDependencies:
      '@img/sharp-libvips-linuxmusl-arm64': 1.0.4
    dev: false
    optional: true

  /@img/sharp-linuxmusl-x64@0.33.5:
    resolution: {integrity: sha512-WT+d/cgqKkkKySYmqoZ8y3pxx7lx9vVejxW/W4DOFMYVSkErR+w7mf2u8m/y4+xHe7yY9DAXQMWQhpnMuFfScw==}
    engines: {node: ^18.17.0 || ^20.3.0 || >=21.0.0}
    cpu: [x64]
    os: [linux]
    requiresBuild: true
    optionalDependencies:
      '@img/sharp-libvips-linuxmusl-x64': 1.0.4
    dev: false
    optional: true

  /@img/sharp-wasm32@0.33.5:
    resolution: {integrity: sha512-ykUW4LVGaMcU9lu9thv85CbRMAwfeadCJHRsg2GmeRa/cJxsVY9Rbd57JcMxBkKHag5U/x7TSBpScF4U8ElVzg==}
    engines: {node: ^18.17.0 || ^20.3.0 || >=21.0.0}
    cpu: [wasm32]
    requiresBuild: true
    dependencies:
      '@emnapi/runtime': 1.3.1
    dev: false
    optional: true

  /@img/sharp-win32-ia32@0.33.5:
    resolution: {integrity: sha512-T36PblLaTwuVJ/zw/LaH0PdZkRz5rd3SmMHX8GSmR7vtNSP5Z6bQkExdSK7xGWyxLw4sUknBuugTelgw2faBbQ==}
    engines: {node: ^18.17.0 || ^20.3.0 || >=21.0.0}
    cpu: [ia32]
    os: [win32]
    requiresBuild: true
    dev: false
    optional: true

  /@img/sharp-win32-x64@0.33.5:
    resolution: {integrity: sha512-MpY/o8/8kj+EcnxwvrP4aTJSWw/aZ7JIGR4aBeZkZw5B7/Jn+tY9/VNwtcoGmdT7GfggGIU4kygOMSbYnOrAbg==}
    engines: {node: ^18.17.0 || ^20.3.0 || >=21.0.0}
    cpu: [x64]
    os: [win32]
    requiresBuild: true
    dev: false
    optional: true

  /@next/env@15.0.3:
    resolution: {integrity: sha512-t9Xy32pjNOvVn2AS+Utt6VmyrshbpfUMhIjFO60gI58deSo/KgLOp31XZ4O+kY/Is8WAGYwA5gR7kOb1eORDBA==}
    dev: false

  /@next/swc-darwin-arm64@15.0.3:
    resolution: {integrity: sha512-s3Q/NOorCsLYdCKvQlWU+a+GeAd3C8Rb3L1YnetsgwXzhc3UTWrtQpB/3eCjFOdGUj5QmXfRak12uocd1ZiiQw==}
    engines: {node: '>= 10'}
    cpu: [arm64]
    os: [darwin]
    requiresBuild: true
    dev: false
    optional: true

  /@next/swc-darwin-x64@15.0.3:
    resolution: {integrity: sha512-Zxl/TwyXVZPCFSf0u2BNj5sE0F2uR6iSKxWpq4Wlk/Sv9Ob6YCKByQTkV2y6BCic+fkabp9190hyrDdPA/dNrw==}
    engines: {node: '>= 10'}
    cpu: [x64]
    os: [darwin]
    requiresBuild: true
    dev: false
    optional: true

  /@next/swc-linux-arm64-gnu@15.0.3:
    resolution: {integrity: sha512-T5+gg2EwpsY3OoaLxUIofmMb7ohAUlcNZW0fPQ6YAutaWJaxt1Z1h+8zdl4FRIOr5ABAAhXtBcpkZNwUcKI2fw==}
    engines: {node: '>= 10'}
    cpu: [arm64]
    os: [linux]
    requiresBuild: true
    dev: false
    optional: true

  /@next/swc-linux-arm64-musl@15.0.3:
    resolution: {integrity: sha512-WkAk6R60mwDjH4lG/JBpb2xHl2/0Vj0ZRu1TIzWuOYfQ9tt9NFsIinI1Epma77JVgy81F32X/AeD+B2cBu/YQA==}
    engines: {node: '>= 10'}
    cpu: [arm64]
    os: [linux]
    requiresBuild: true
    dev: false
    optional: true

  /@next/swc-linux-x64-gnu@15.0.3:
    resolution: {integrity: sha512-gWL/Cta1aPVqIGgDb6nxkqy06DkwJ9gAnKORdHWX1QBbSZZB+biFYPFti8aKIQL7otCE1pjyPaXpFzGeG2OS2w==}
    engines: {node: '>= 10'}
    cpu: [x64]
    os: [linux]
    requiresBuild: true
    dev: false
    optional: true

  /@next/swc-linux-x64-musl@15.0.3:
    resolution: {integrity: sha512-QQEMwFd8r7C0GxQS62Zcdy6GKx999I/rTO2ubdXEe+MlZk9ZiinsrjwoiBL5/57tfyjikgh6GOU2WRQVUej3UA==}
    engines: {node: '>= 10'}
    cpu: [x64]
    os: [linux]
    requiresBuild: true
    dev: false
    optional: true

  /@next/swc-win32-arm64-msvc@15.0.3:
    resolution: {integrity: sha512-9TEp47AAd/ms9fPNgtgnT7F3M1Hf7koIYYWCMQ9neOwjbVWJsHZxrFbI3iEDJ8rf1TDGpmHbKxXf2IFpAvheIQ==}
    engines: {node: '>= 10'}
    cpu: [arm64]
    os: [win32]
    requiresBuild: true
    dev: false
    optional: true

  /@next/swc-win32-x64-msvc@15.0.3:
    resolution: {integrity: sha512-VNAz+HN4OGgvZs6MOoVfnn41kBzT+M+tB+OK4cww6DNyWS6wKaDpaAm/qLeOUbnMh0oVx1+mg0uoYARF69dJyA==}
    engines: {node: '>= 10'}
    cpu: [x64]
    os: [win32]
    requiresBuild: true
    dev: false
    optional: true

  /@playcanvas/react@0.1.22(playcanvas@2.2.2)(react-dom@18.3.1)(react@18.3.1):
    resolution: {integrity: sha512-BGoagY32o+8CAo7o9BknFwp/t9hv8NNSEIS3J2NEcx/qGIUIH3rk5/OEfgMejUZUinlQ/S8/09an563N6erUng==}
    engines: {node: '>=18.0.0'}
    peerDependencies:
      playcanvas: ^2.1.0
      react: ^18.3.1
      react-dom: ^18.3.1
    dependencies:
      playcanvas: 2.2.2
      react: 18.3.1
      react-dom: 18.3.1(react@18.3.1)
    dev: false

  /@radix-ui/primitive@1.1.0:
    resolution: {integrity: sha512-4Z8dn6Upk0qk4P74xBhZ6Hd/w0mPEzOOLxy4xiPXOXqjF7jZS0VAKk7/x/H6FyY2zCkYJqePf1G5KmkmNJ4RBA==}
    dev: false

  /@radix-ui/react-arrow@1.1.0(@types/react-dom@18.3.0)(@types/react@18.3.1)(react-dom@18.3.1)(react@18.3.1):
    resolution: {integrity: sha512-FmlW1rCg7hBpEBwFbjHwCW6AmWLQM6g/v0Sn8XbP9NvmSZ2San1FpQeyPtufzOMSIx7Y4dzjlHoifhp+7NkZhw==}
    peerDependencies:
      '@types/react': '*'
      '@types/react-dom': '*'
      react: ^16.8 || ^17.0 || ^18.0 || ^19.0 || ^19.0.0-rc
      react-dom: ^16.8 || ^17.0 || ^18.0 || ^19.0 || ^19.0.0-rc
    peerDependenciesMeta:
      '@types/react':
        optional: true
      '@types/react-dom':
        optional: true
    dependencies:
      '@radix-ui/react-primitive': 2.0.0(@types/react-dom@18.3.0)(@types/react@18.3.1)(react-dom@18.3.1)(react@18.3.1)
      '@types/react': 18.3.1
      '@types/react-dom': 18.3.0
      react: 18.3.1
      react-dom: 18.3.1(react@18.3.1)
    dev: false

  /@radix-ui/react-compose-refs@1.1.0(@types/react@18.3.1)(react@18.3.1):
    resolution: {integrity: sha512-b4inOtiaOnYf9KWyO3jAeeCG6FeyfY6ldiEPanbUjWd+xIk5wZeHa8yVwmrJ2vderhu/BQvzCrJI0lHd+wIiqw==}
    peerDependencies:
      '@types/react': '*'
      react: ^16.8 || ^17.0 || ^18.0 || ^19.0 || ^19.0.0-rc
    peerDependenciesMeta:
      '@types/react':
        optional: true
    dependencies:
      '@types/react': 18.3.1
      react: 18.3.1
    dev: false

  /@radix-ui/react-context@1.1.0(@types/react@18.3.1)(react@18.3.1):
    resolution: {integrity: sha512-OKrckBy+sMEgYM/sMmqmErVn0kZqrHPJze+Ql3DzYsDDp0hl0L62nx/2122/Bvps1qz645jlcu2tD9lrRSdf8A==}
    peerDependencies:
      '@types/react': '*'
      react: ^16.8 || ^17.0 || ^18.0 || ^19.0 || ^19.0.0-rc
    peerDependenciesMeta:
      '@types/react':
        optional: true
    dependencies:
      '@types/react': 18.3.1
      react: 18.3.1
    dev: false

  /@radix-ui/react-context@1.1.1(@types/react@18.3.1)(react@18.3.1):
    resolution: {integrity: sha512-UASk9zi+crv9WteK/NU4PLvOoL3OuE6BWVKNF6hPRBtYBDXQ2u5iu3O59zUlJiTVvkyuycnqrztsHVJwcK9K+Q==}
    peerDependencies:
      '@types/react': '*'
      react: ^16.8 || ^17.0 || ^18.0 || ^19.0 || ^19.0.0-rc
    peerDependenciesMeta:
      '@types/react':
        optional: true
    dependencies:
      '@types/react': 18.3.1
      react: 18.3.1
    dev: false

  /@radix-ui/react-dismissable-layer@1.1.1(@types/react-dom@18.3.0)(@types/react@18.3.1)(react-dom@18.3.1)(react@18.3.1):
    resolution: {integrity: sha512-QSxg29lfr/xcev6kSz7MAlmDnzbP1eI/Dwn3Tp1ip0KT5CUELsxkekFEMVBEoykI3oV39hKT4TKZzBNMbcTZYQ==}
    peerDependencies:
      '@types/react': '*'
      '@types/react-dom': '*'
      react: ^16.8 || ^17.0 || ^18.0 || ^19.0 || ^19.0.0-rc
      react-dom: ^16.8 || ^17.0 || ^18.0 || ^19.0 || ^19.0.0-rc
    peerDependenciesMeta:
      '@types/react':
        optional: true
      '@types/react-dom':
        optional: true
    dependencies:
      '@radix-ui/primitive': 1.1.0
      '@radix-ui/react-compose-refs': 1.1.0(@types/react@18.3.1)(react@18.3.1)
      '@radix-ui/react-primitive': 2.0.0(@types/react-dom@18.3.0)(@types/react@18.3.1)(react-dom@18.3.1)(react@18.3.1)
      '@radix-ui/react-use-callback-ref': 1.1.0(@types/react@18.3.1)(react@18.3.1)
      '@radix-ui/react-use-escape-keydown': 1.1.0(@types/react@18.3.1)(react@18.3.1)
      '@types/react': 18.3.1
      '@types/react-dom': 18.3.0
      react: 18.3.1
      react-dom: 18.3.1(react@18.3.1)
    dev: false

  /@radix-ui/react-id@1.1.0(@types/react@18.3.1)(react@18.3.1):
    resolution: {integrity: sha512-EJUrI8yYh7WOjNOqpoJaf1jlFIH2LvtgAl+YcFqNCa+4hj64ZXmPkAKOFs/ukjz3byN6bdb/AVUqHkI8/uWWMA==}
    peerDependencies:
      '@types/react': '*'
      react: ^16.8 || ^17.0 || ^18.0 || ^19.0 || ^19.0.0-rc
    peerDependenciesMeta:
      '@types/react':
        optional: true
    dependencies:
      '@radix-ui/react-use-layout-effect': 1.1.0(@types/react@18.3.1)(react@18.3.1)
      '@types/react': 18.3.1
      react: 18.3.1
    dev: false

  /@radix-ui/react-popper@1.2.0(@types/react-dom@18.3.0)(@types/react@18.3.1)(react-dom@18.3.1)(react@18.3.1):
    resolution: {integrity: sha512-ZnRMshKF43aBxVWPWvbj21+7TQCvhuULWJ4gNIKYpRlQt5xGRhLx66tMp8pya2UkGHTSlhpXwmjqltDYHhw7Vg==}
    peerDependencies:
      '@types/react': '*'
      '@types/react-dom': '*'
      react: ^16.8 || ^17.0 || ^18.0 || ^19.0 || ^19.0.0-rc
      react-dom: ^16.8 || ^17.0 || ^18.0 || ^19.0 || ^19.0.0-rc
    peerDependenciesMeta:
      '@types/react':
        optional: true
      '@types/react-dom':
        optional: true
    dependencies:
      '@floating-ui/react-dom': 2.1.2(react-dom@18.3.1)(react@18.3.1)
      '@radix-ui/react-arrow': 1.1.0(@types/react-dom@18.3.0)(@types/react@18.3.1)(react-dom@18.3.1)(react@18.3.1)
      '@radix-ui/react-compose-refs': 1.1.0(@types/react@18.3.1)(react@18.3.1)
      '@radix-ui/react-context': 1.1.0(@types/react@18.3.1)(react@18.3.1)
      '@radix-ui/react-primitive': 2.0.0(@types/react-dom@18.3.0)(@types/react@18.3.1)(react-dom@18.3.1)(react@18.3.1)
      '@radix-ui/react-use-callback-ref': 1.1.0(@types/react@18.3.1)(react@18.3.1)
      '@radix-ui/react-use-layout-effect': 1.1.0(@types/react@18.3.1)(react@18.3.1)
      '@radix-ui/react-use-rect': 1.1.0(@types/react@18.3.1)(react@18.3.1)
      '@radix-ui/react-use-size': 1.1.0(@types/react@18.3.1)(react@18.3.1)
      '@radix-ui/rect': 1.1.0
      '@types/react': 18.3.1
      '@types/react-dom': 18.3.0
      react: 18.3.1
      react-dom: 18.3.1(react@18.3.1)
    dev: false

  /@radix-ui/react-portal@1.1.2(@types/react-dom@18.3.0)(@types/react@18.3.1)(react-dom@18.3.1)(react@18.3.1):
    resolution: {integrity: sha512-WeDYLGPxJb/5EGBoedyJbT0MpoULmwnIPMJMSldkuiMsBAv7N1cRdsTWZWht9vpPOiN3qyiGAtbK2is47/uMFg==}
    peerDependencies:
      '@types/react': '*'
      '@types/react-dom': '*'
      react: ^16.8 || ^17.0 || ^18.0 || ^19.0 || ^19.0.0-rc
      react-dom: ^16.8 || ^17.0 || ^18.0 || ^19.0 || ^19.0.0-rc
    peerDependenciesMeta:
      '@types/react':
        optional: true
      '@types/react-dom':
        optional: true
    dependencies:
      '@radix-ui/react-primitive': 2.0.0(@types/react-dom@18.3.0)(@types/react@18.3.1)(react-dom@18.3.1)(react@18.3.1)
      '@radix-ui/react-use-layout-effect': 1.1.0(@types/react@18.3.1)(react@18.3.1)
      '@types/react': 18.3.1
      '@types/react-dom': 18.3.0
      react: 18.3.1
      react-dom: 18.3.1(react@18.3.1)
    dev: false

  /@radix-ui/react-presence@1.1.1(@types/react-dom@18.3.0)(@types/react@18.3.1)(react-dom@18.3.1)(react@18.3.1):
    resolution: {integrity: sha512-IeFXVi4YS1K0wVZzXNrbaaUvIJ3qdY+/Ih4eHFhWA9SwGR9UDX7Ck8abvL57C4cv3wwMvUE0OG69Qc3NCcTe/A==}
    peerDependencies:
      '@types/react': '*'
      '@types/react-dom': '*'
      react: ^16.8 || ^17.0 || ^18.0 || ^19.0 || ^19.0.0-rc
      react-dom: ^16.8 || ^17.0 || ^18.0 || ^19.0 || ^19.0.0-rc
    peerDependenciesMeta:
      '@types/react':
        optional: true
      '@types/react-dom':
        optional: true
    dependencies:
      '@radix-ui/react-compose-refs': 1.1.0(@types/react@18.3.1)(react@18.3.1)
      '@radix-ui/react-use-layout-effect': 1.1.0(@types/react@18.3.1)(react@18.3.1)
      '@types/react': 18.3.1
      '@types/react-dom': 18.3.0
      react: 18.3.1
      react-dom: 18.3.1(react@18.3.1)
    dev: false

  /@radix-ui/react-primitive@2.0.0(@types/react-dom@18.3.0)(@types/react@18.3.1)(react-dom@18.3.1)(react@18.3.1):
    resolution: {integrity: sha512-ZSpFm0/uHa8zTvKBDjLFWLo8dkr4MBsiDLz0g3gMUwqgLHz9rTaRRGYDgvZPtBJgYCBKXkS9fzmoySgr8CO6Cw==}
    peerDependencies:
      '@types/react': '*'
      '@types/react-dom': '*'
      react: ^16.8 || ^17.0 || ^18.0 || ^19.0 || ^19.0.0-rc
      react-dom: ^16.8 || ^17.0 || ^18.0 || ^19.0 || ^19.0.0-rc
    peerDependenciesMeta:
      '@types/react':
        optional: true
      '@types/react-dom':
        optional: true
    dependencies:
      '@radix-ui/react-slot': 1.1.0(@types/react@18.3.1)(react@18.3.1)
      '@types/react': 18.3.1
      '@types/react-dom': 18.3.0
      react: 18.3.1
      react-dom: 18.3.1(react@18.3.1)
    dev: false

  /@radix-ui/react-slot@1.1.0(@types/react@18.3.1)(react@18.3.1):
    resolution: {integrity: sha512-FUCf5XMfmW4dtYl69pdS4DbxKy8nj4M7SafBgPllysxmdachynNflAdp/gCsnYWNDnge6tI9onzMp5ARYc1KNw==}
    peerDependencies:
      '@types/react': '*'
      react: ^16.8 || ^17.0 || ^18.0 || ^19.0 || ^19.0.0-rc
    peerDependenciesMeta:
      '@types/react':
        optional: true
    dependencies:
      '@radix-ui/react-compose-refs': 1.1.0(@types/react@18.3.1)(react@18.3.1)
      '@types/react': 18.3.1
      react: 18.3.1
    dev: false

  /@radix-ui/react-tooltip@1.1.4(@types/react-dom@18.3.0)(@types/react@18.3.1)(react-dom@18.3.1)(react@18.3.1):
    resolution: {integrity: sha512-QpObUH/ZlpaO4YgHSaYzrLO2VuO+ZBFFgGzjMUPwtiYnAzzNNDPJeEGRrT7qNOrWm/Jr08M1vlp+vTHtnSQ0Uw==}
    peerDependencies:
      '@types/react': '*'
      '@types/react-dom': '*'
      react: ^16.8 || ^17.0 || ^18.0 || ^19.0 || ^19.0.0-rc
      react-dom: ^16.8 || ^17.0 || ^18.0 || ^19.0 || ^19.0.0-rc
    peerDependenciesMeta:
      '@types/react':
        optional: true
      '@types/react-dom':
        optional: true
    dependencies:
      '@radix-ui/primitive': 1.1.0
      '@radix-ui/react-compose-refs': 1.1.0(@types/react@18.3.1)(react@18.3.1)
      '@radix-ui/react-context': 1.1.1(@types/react@18.3.1)(react@18.3.1)
      '@radix-ui/react-dismissable-layer': 1.1.1(@types/react-dom@18.3.0)(@types/react@18.3.1)(react-dom@18.3.1)(react@18.3.1)
      '@radix-ui/react-id': 1.1.0(@types/react@18.3.1)(react@18.3.1)
      '@radix-ui/react-popper': 1.2.0(@types/react-dom@18.3.0)(@types/react@18.3.1)(react-dom@18.3.1)(react@18.3.1)
      '@radix-ui/react-portal': 1.1.2(@types/react-dom@18.3.0)(@types/react@18.3.1)(react-dom@18.3.1)(react@18.3.1)
      '@radix-ui/react-presence': 1.1.1(@types/react-dom@18.3.0)(@types/react@18.3.1)(react-dom@18.3.1)(react@18.3.1)
      '@radix-ui/react-primitive': 2.0.0(@types/react-dom@18.3.0)(@types/react@18.3.1)(react-dom@18.3.1)(react@18.3.1)
      '@radix-ui/react-slot': 1.1.0(@types/react@18.3.1)(react@18.3.1)
      '@radix-ui/react-use-controllable-state': 1.1.0(@types/react@18.3.1)(react@18.3.1)
      '@radix-ui/react-visually-hidden': 1.1.0(@types/react-dom@18.3.0)(@types/react@18.3.1)(react-dom@18.3.1)(react@18.3.1)
      '@types/react': 18.3.1
      '@types/react-dom': 18.3.0
      react: 18.3.1
      react-dom: 18.3.1(react@18.3.1)
    dev: false

  /@radix-ui/react-use-callback-ref@1.1.0(@types/react@18.3.1)(react@18.3.1):
    resolution: {integrity: sha512-CasTfvsy+frcFkbXtSJ2Zu9JHpN8TYKxkgJGWbjiZhFivxaeW7rMeZt7QELGVLaYVfFMsKHjb7Ak0nMEe+2Vfw==}
    peerDependencies:
      '@types/react': '*'
      react: ^16.8 || ^17.0 || ^18.0 || ^19.0 || ^19.0.0-rc
    peerDependenciesMeta:
      '@types/react':
        optional: true
    dependencies:
      '@types/react': 18.3.1
      react: 18.3.1
    dev: false

  /@radix-ui/react-use-controllable-state@1.1.0(@types/react@18.3.1)(react@18.3.1):
    resolution: {integrity: sha512-MtfMVJiSr2NjzS0Aa90NPTnvTSg6C/JLCV7ma0W6+OMV78vd8OyRpID+Ng9LxzsPbLeuBnWBA1Nq30AtBIDChw==}
    peerDependencies:
      '@types/react': '*'
      react: ^16.8 || ^17.0 || ^18.0 || ^19.0 || ^19.0.0-rc
    peerDependenciesMeta:
      '@types/react':
        optional: true
    dependencies:
      '@radix-ui/react-use-callback-ref': 1.1.0(@types/react@18.3.1)(react@18.3.1)
      '@types/react': 18.3.1
      react: 18.3.1
    dev: false

  /@radix-ui/react-use-escape-keydown@1.1.0(@types/react@18.3.1)(react@18.3.1):
    resolution: {integrity: sha512-L7vwWlR1kTTQ3oh7g1O0CBF3YCyyTj8NmhLR+phShpyA50HCfBFKVJTpshm9PzLiKmehsrQzTYTpX9HvmC9rhw==}
    peerDependencies:
      '@types/react': '*'
      react: ^16.8 || ^17.0 || ^18.0 || ^19.0 || ^19.0.0-rc
    peerDependenciesMeta:
      '@types/react':
        optional: true
    dependencies:
      '@radix-ui/react-use-callback-ref': 1.1.0(@types/react@18.3.1)(react@18.3.1)
      '@types/react': 18.3.1
      react: 18.3.1
    dev: false

  /@radix-ui/react-use-layout-effect@1.1.0(@types/react@18.3.1)(react@18.3.1):
    resolution: {integrity: sha512-+FPE0rOdziWSrH9athwI1R0HDVbWlEhd+FR+aSDk4uWGmSJ9Z54sdZVDQPZAinJhJXwfT+qnj969mCsT2gfm5w==}
    peerDependencies:
      '@types/react': '*'
      react: ^16.8 || ^17.0 || ^18.0 || ^19.0 || ^19.0.0-rc
    peerDependenciesMeta:
      '@types/react':
        optional: true
    dependencies:
      '@types/react': 18.3.1
      react: 18.3.1
    dev: false

  /@radix-ui/react-use-rect@1.1.0(@types/react@18.3.1)(react@18.3.1):
    resolution: {integrity: sha512-0Fmkebhr6PiseyZlYAOtLS+nb7jLmpqTrJyv61Pe68MKYW6OWdRE2kI70TaYY27u7H0lajqM3hSMMLFq18Z7nQ==}
    peerDependencies:
      '@types/react': '*'
      react: ^16.8 || ^17.0 || ^18.0 || ^19.0 || ^19.0.0-rc
    peerDependenciesMeta:
      '@types/react':
        optional: true
    dependencies:
      '@radix-ui/rect': 1.1.0
      '@types/react': 18.3.1
      react: 18.3.1
    dev: false

  /@radix-ui/react-use-size@1.1.0(@types/react@18.3.1)(react@18.3.1):
    resolution: {integrity: sha512-XW3/vWuIXHa+2Uwcc2ABSfcCledmXhhQPlGbfcRXbiUQI5Icjcg19BGCZVKKInYbvUCut/ufbbLLPFC5cbb1hw==}
    peerDependencies:
      '@types/react': '*'
      react: ^16.8 || ^17.0 || ^18.0 || ^19.0 || ^19.0.0-rc
    peerDependenciesMeta:
      '@types/react':
        optional: true
    dependencies:
      '@radix-ui/react-use-layout-effect': 1.1.0(@types/react@18.3.1)(react@18.3.1)
      '@types/react': 18.3.1
      react: 18.3.1
    dev: false

  /@radix-ui/react-visually-hidden@1.1.0(@types/react-dom@18.3.0)(@types/react@18.3.1)(react-dom@18.3.1)(react@18.3.1):
    resolution: {integrity: sha512-N8MDZqtgCgG5S3aV60INAB475osJousYpZ4cTJ2cFbMpdHS5Y6loLTH8LPtkj2QN0x93J30HT/M3qJXM0+lyeQ==}
    peerDependencies:
      '@types/react': '*'
      '@types/react-dom': '*'
      react: ^16.8 || ^17.0 || ^18.0 || ^19.0 || ^19.0.0-rc
      react-dom: ^16.8 || ^17.0 || ^18.0 || ^19.0 || ^19.0.0-rc
    peerDependenciesMeta:
      '@types/react':
        optional: true
      '@types/react-dom':
        optional: true
    dependencies:
      '@radix-ui/react-primitive': 2.0.0(@types/react-dom@18.3.0)(@types/react@18.3.1)(react-dom@18.3.1)(react@18.3.1)
      '@types/react': 18.3.1
      '@types/react-dom': 18.3.0
      react: 18.3.1
      react-dom: 18.3.1(react@18.3.1)
    dev: false

  /@radix-ui/rect@1.1.0:
    resolution: {integrity: sha512-A9+lCBZoaMJlVKcRBz2YByCG+Cp2t6nAnMnNba+XiWxnj6r4JUFqfsgwocMBZU9LPtdxC6wB56ySYpc7LQIoJg==}
    dev: false

  /@stitches/react@1.2.8(react@18.3.1):
    resolution: {integrity: sha512-9g9dWI4gsSVe8bNLlb+lMkBYsnIKCZTmvqvDG+Avnn69XfmHZKiaMrx7cgTaddq7aTPPmXiTsbFcUy0xgI4+wA==}
    peerDependencies:
      react: '>= 16.3.0'
    dependencies:
      react: 18.3.1
    dev: false

  /@swc/counter@0.1.3:
    resolution: {integrity: sha512-e2BR4lsJkkRlKZ/qCHPw9ZaSxc0MVUd7gtbtaB7aMvHeJVYe8sOB8DBZkP2DtISHGSku9sCK6T6cnY0CtXrOCQ==}
    dev: false

  /@swc/helpers@0.5.13:
    resolution: {integrity: sha512-UoKGxQ3r5kYI9dALKJapMmuK+1zWM/H17Z1+iwnNmzcJRnfFuevZs375TA5rW31pu4BS4NoSy1fRsexDXfWn5w==}
    dependencies:
      tslib: 2.8.1
    dev: false

  /@tanstack/query-core@5.61.5:
    resolution: {integrity: sha512-iG5vqurEOEbv+paP6kW3zPENa99kSIrd1THISJMaTwVlJ+N5yjVDNOUwp9McK2DWqWCXM3v13ubBbAyhxT78UQ==}
    dev: false

  /@tanstack/react-query@5.61.5(react@18.3.1):
    resolution: {integrity: sha512-rjy8aqPgBBEz/rjJnpnuhi8TVkVTorMUsJlM3lMvrRb5wK6yzfk34Er0fnJ7w/4qyF01SnXsLB/QsTBsLF5PaQ==}
    peerDependencies:
      react: ^18 || ^19
    dependencies:
      '@tanstack/query-core': 5.61.5
      react: 18.3.1
    dev: false

  /@types/node@20.17.8:
    resolution: {integrity: sha512-ahz2g6/oqbKalW9sPv6L2iRbhLnojxjYWspAqhjvqSWBgGebEJT5GvRmk0QXPj3sbC6rU0GTQjPLQkmR8CObvA==}
    dependencies:
      undici-types: 6.19.8
    dev: true

  /@types/prop-types@15.7.13:
    resolution: {integrity: sha512-hCZTSvwbzWGvhqxp/RqVqwU999pBf2vp7hzIjiYOsl8wqOmUxkQ6ddw1cV3l8811+kdUFus/q4d1Y3E3SyEifA==}

  /@types/react-dom@18.3.0:
    resolution: {integrity: sha512-EhwApuTmMBmXuFOikhQLIBUn6uFg81SwLMOAUgodJF14SOBOCMdU04gDoYi0WOJJHD144TL32z4yDqCW3dnkQg==}
    dependencies:
      '@types/react': 18.3.1

  /@types/react@18.3.1:
    resolution: {integrity: sha512-V0kuGBX3+prX+DQ/7r2qsv1NsdfnCLnTgnRJ1pYnxykBhGMz+qj+box5lq7XsO5mtZsBqpjwwTu/7wszPfMBcw==}
    dependencies:
      '@types/prop-types': 15.7.13
      csstype: 3.1.3

  /@types/webxr@0.5.20:
    resolution: {integrity: sha512-JGpU6qiIJQKUuVSKx1GtQnHJGxRjtfGIhzO2ilq43VZZS//f1h1Sgexbdk+Lq+7569a6EYhOWrUpIruR/1Enmg==}
    dev: false

  /@use-gesture/core@10.3.1:
    resolution: {integrity: sha512-WcINiDt8WjqBdUXye25anHiNxPc0VOrlT8F6LLkU6cycrOGUDyY/yyFmsg3k8i5OLvv25llc0QC45GhR/C8llw==}
    dev: false

  /@use-gesture/react@10.3.1(react@18.3.1):
    resolution: {integrity: sha512-Yy19y6O2GJq8f7CHf7L0nxL8bf4PZCPaVOCgJrusOeFHY1LvHgYXnmnXg6N5iwAnbgbZCDjo60SiM6IPJi9C5g==}
    peerDependencies:
      react: '>= 16.8.0'
    dependencies:
      '@use-gesture/core': 10.3.1
      react: 18.3.1
    dev: false

  /@webgpu/types@0.1.51:
    resolution: {integrity: sha512-ktR3u64NPjwIViNCck+z9QeyN0iPkQCUOQ07ZCV1RzlkfP+olLTeEZ95O1QHS+v4w9vJeY9xj/uJuSphsHy5rQ==}
    dev: false

  /assign-symbols@1.0.0:
    resolution: {integrity: sha512-Q+JC7Whu8HhmTdBph/Tq59IoRtoy6KAm5zzPv00WdujX82lbAL8K7WVjne7vdCsAmbF4AYaDOPyO3k0kl8qIrw==}
    engines: {node: '>=0.10.0'}
    dev: false

  /attr-accept@2.2.5:
    resolution: {integrity: sha512-0bDNnY/u6pPwHDMoF0FieU354oBi0a8rD9FcsLwzcGWbc8KS8KPIi7y+s13OlVY+gMWc/9xEMUgNE6Qm8ZllYQ==}
    engines: {node: '>=4'}
    dev: false

  /busboy@1.6.0:
    resolution: {integrity: sha512-8SFQbg/0hQ9xy3UNTB0YEnsNBbWfhf7RtnzpL7TkBiTBRfrQ9Fxcnz7VJsleJpyp6rVLvXiuORqjlHi5q+PYuA==}
    engines: {node: '>=10.16.0'}
    dependencies:
      streamsearch: 1.1.0
    dev: false

  /caniuse-lite@1.0.30001684:
    resolution: {integrity: sha512-G1LRwLIQjBQoyq0ZJGqGIJUXzJ8irpbjHLpVRXDvBEScFJ9b17sgK6vlx0GAJFE21okD7zXl08rRRUfq6HdoEQ==}
    dev: false

  /client-only@0.0.1:
    resolution: {integrity: sha512-IV3Ou0jSMzZrd3pZ48nLkT9DA7Ag1pnPzaiQhpW7c3RbcqqzvzzVu+L8gfqMp/8IM2MQtSiqaCxrrcfu8I8rMA==}
    dev: false

  /color-convert@2.0.1:
    resolution: {integrity: sha512-RRECPsj7iu/xb5oKYcsFHSppFNnsj/52OVTRKb4zP5onXwVF3zVmmToNcOfGC+CRDpfK/U584fMg38ZHCaElKQ==}
    engines: {node: '>=7.0.0'}
    requiresBuild: true
    dependencies:
      color-name: 1.1.4
    dev: false
    optional: true

  /color-name@1.1.4:
    resolution: {integrity: sha512-dOy+3AuW3a2wNbZHIuMZpTcgjGuLU/uBL/ubcZF9OXbDo8ff4O8yVp5Bf0efS8uEoYo5q4Fx7dY9OgQGXgAsQA==}
    requiresBuild: true
    dev: false
    optional: true

  /color-string@1.9.1:
    resolution: {integrity: sha512-shrVawQFojnZv6xM40anx4CkoDP+fZsw/ZerEMsW/pyzsRbElpsL/DBVW7q3ExxwusdNXI3lXpuhEZkzs8p5Eg==}
    requiresBuild: true
    dependencies:
      color-name: 1.1.4
      simple-swizzle: 0.2.2
    dev: false
    optional: true

  /color@4.2.3:
    resolution: {integrity: sha512-1rXeuUUiGGrykh+CeBdu5Ie7OJwinCgQY0bc7GCRxy5xVHy+moaqkpL/jqQq0MtQOeYcrqEz4abc5f0KtU7W4A==}
    engines: {node: '>=12.5.0'}
    requiresBuild: true
    dependencies:
      color-convert: 2.0.1
      color-string: 1.9.1
    dev: false
    optional: true

  /colord@2.9.3:
    resolution: {integrity: sha512-jeC1axXpnb0/2nn/Y1LPuLdgXBLH7aDcHu4KEKfqw3CUhX7ZpfBSlPKyqXE6btIgEzfWtrX3/tyBCaCvXvMkOw==}
    dev: false

  /csstype@3.1.3:
    resolution: {integrity: sha512-M1uQkMl8rQK/szD0LNhtqxIPLpimGm8sOBwU7lLnCpSbTyY3yeU1Vc7l4KT5zT4s/yOxHH5O7tIuuLOCnLADRw==}

  /dequal@2.0.3:
    resolution: {integrity: sha512-0je+qPKHEMohvfRTCEo3CrPG6cAzAYgmzKyxRiYSSDkS6eGJdyVJm7WaYA5ECaAD9wLB2T4EEeymA5aFVcYXCA==}
    engines: {node: '>=6'}
    dev: false

  /detect-libc@2.0.3:
    resolution: {integrity: sha512-bwy0MGW55bG41VqxxypOsdSdGqLwXPI/focwgTYCFMbdUiBAxLg9CFzG08sz2aqzknwiX7Hkl0bQENjg8iLByw==}
    engines: {node: '>=8'}
    requiresBuild: true
    dev: false
    optional: true

  /extend-shallow@2.0.1:
    resolution: {integrity: sha512-zCnTtlxNoAiDc3gqY2aYAWFx7XWWiasuF2K8Me5WbN8otHKTUKBwjPtNpRs/rbUZm7KxWAaNj7P1a/p52GbVug==}
    engines: {node: '>=0.10.0'}
    dependencies:
      is-extendable: 0.1.1
    dev: false

  /extend-shallow@3.0.2:
    resolution: {integrity: sha512-BwY5b5Ql4+qZoefgMj2NUmx+tehVTH/Kf4k1ZEtOHNFcm2wSxMRo992l6X3TIgni2eZVTZ85xMOjF31fwZAj6Q==}
    engines: {node: '>=0.10.0'}
    dependencies:
      assign-symbols: 1.0.0
      is-extendable: 1.0.1
    dev: false

  /file-selector@0.5.0:
    resolution: {integrity: sha512-s8KNnmIDTBoD0p9uJ9uD0XY38SCeBOtj0UMXyQSLg1Ypfrfj8+dAvwsLjYQkQ2GjhVtp2HrnF5cJzMhBjfD8HA==}
    engines: {node: '>= 10'}
    dependencies:
      tslib: 2.8.1
    dev: false

  /for-in@1.0.2:
    resolution: {integrity: sha512-7EwmXrOjyL+ChxMhmG5lnW9MPt1aIeZEwKhQzoBUdTV0N3zuwWDZYVJatDvZ2OyzPUvdIAZDsCetk3coyMfcnQ==}
    engines: {node: '>=0.10.0'}
    dev: false

  /get-value@2.0.6:
    resolution: {integrity: sha512-Ln0UQDlxH1BapMu3GPtf7CuYNwRZf2gwCuPqbyG6pB8WfmFpzqcy4xtAaAMUhnNqjMKTiCPZG2oMT3YSx8U2NA==}
    engines: {node: '>=0.10.0'}
    dev: false

  /is-arrayish@0.3.2:
    resolution: {integrity: sha512-eVRqCvVlZbuw3GrM63ovNSNAeA1K16kaR/LRY/92w0zxQ5/1YzwblUX652i4Xs9RwAGjW9d9y6X88t8OaAJfWQ==}
    requiresBuild: true
    dev: false
    optional: true

  /is-extendable@0.1.1:
    resolution: {integrity: sha512-5BMULNob1vgFX6EjQw5izWDxrecWK9AM72rugNr0TFldMOi0fj6Jk+zeKIt0xGj4cEfQIJth4w3OKWOJ4f+AFw==}
    engines: {node: '>=0.10.0'}
    dev: false

  /is-extendable@1.0.1:
    resolution: {integrity: sha512-arnXMxT1hhoKo9k1LZdmlNyJdDDfy2v0fXjFlmok4+i8ul/6WlbVge9bhM74OpNPQPMGUToDtz+KXa1PneJxOA==}
    engines: {node: '>=0.10.0'}
    dependencies:
      is-plain-object: 2.0.4
    dev: false

  /is-plain-object@2.0.4:
    resolution: {integrity: sha512-h5PpgXkWitc38BBMYawTYMWJHFZJVnBquFE57xFpjB8pJFiF6gZ+bU+WyI/yqXiFR5mdLsgYNaPe8uao6Uv9Og==}
    engines: {node: '>=0.10.0'}
    dependencies:
      isobject: 3.0.1
    dev: false

  /isobject@3.0.1:
    resolution: {integrity: sha512-WhB9zCku7EGTj/HQQRz5aUQEUeoQZH2bWcltRErOpymJ4boYE6wL9Tbr23krRPSZ+C5zqNSrSw+Cc7sZZ4b7vg==}
    engines: {node: '>=0.10.0'}
    dev: false

  /js-tokens@4.0.0:
    resolution: {integrity: sha512-RdJUflcE3cUzKiMqQgsCu06FPu9UdIJO0beYbPhHN4k6apgJtifcoCtT9bcxOpYBtpD2kCM6Sbzg4CausW/PKQ==}
    dev: false

  /leva@0.9.35(@types/react-dom@18.3.0)(@types/react@18.3.1)(react-dom@18.3.1)(react@18.3.1):
    resolution: {integrity: sha512-sp/ZbHGrrzM+eq+wIAc9X7C5qFagNERYkwaulKI/xy0XrDPV67jLUSSqTCFSoSc0Uk96j3oephYoO/6I8mZNuw==}
    peerDependencies:
      react: '>=16.8.0'
      react-dom: '>=16.8.0'
    dependencies:
      '@radix-ui/react-portal': 1.1.2(@types/react-dom@18.3.0)(@types/react@18.3.1)(react-dom@18.3.1)(react@18.3.1)
      '@radix-ui/react-tooltip': 1.1.4(@types/react-dom@18.3.0)(@types/react@18.3.1)(react-dom@18.3.1)(react@18.3.1)
      '@stitches/react': 1.2.8(react@18.3.1)
      '@use-gesture/react': 10.3.1(react@18.3.1)
      colord: 2.9.3
      dequal: 2.0.3
      merge-value: 1.0.0
      react: 18.3.1
      react-colorful: 5.6.1(react-dom@18.3.1)(react@18.3.1)
      react-dom: 18.3.1(react@18.3.1)
      react-dropzone: 12.1.0(react@18.3.1)
      v8n: 1.5.1
      zustand: 3.7.2(react@18.3.1)
    transitivePeerDependencies:
      - '@types/react'
      - '@types/react-dom'
    dev: false

  /loose-envify@1.4.0:
    resolution: {integrity: sha512-lyuxPGr/Wfhrlem2CL/UcnUc1zcqKAImBDzukY7Y5F/yQiNdko6+fRLevlw1HgMySw7f611UIY408EtxRSoK3Q==}
    hasBin: true
    dependencies:
      js-tokens: 4.0.0
    dev: false

  /merge-value@1.0.0:
    resolution: {integrity: sha512-fJMmvat4NeKz63Uv9iHWcPDjCWcCkoiRoajRTEO8hlhUC6rwaHg0QCF9hBOTjZmm4JuglPckPSTtcuJL5kp0TQ==}
    engines: {node: '>=0.10.0'}
    dependencies:
      get-value: 2.0.6
      is-extendable: 1.0.1
      mixin-deep: 1.3.2
      set-value: 2.0.1
    dev: false

  /mixin-deep@1.3.2:
    resolution: {integrity: sha512-WRoDn//mXBiJ1H40rqa3vH0toePwSsGb45iInWlTySa+Uu4k3tYUSxa2v1KqAiLtvlrSzaExqS1gtk96A9zvEA==}
    engines: {node: '>=0.10.0'}
    dependencies:
      for-in: 1.0.2
      is-extendable: 1.0.1
    dev: false

  /nanoid@3.3.8:
    resolution: {integrity: sha512-WNLf5Sd8oZxOm+TzppcYk8gVOgP+l58xNy58D0nbUnOxOWRWvlcCV4kUF7ltmI6PsrLl/BgKEyS4mqsGChFN0w==}
    engines: {node: ^10 || ^12 || ^13.7 || ^14 || >=15.0.1}
    hasBin: true
    dev: false

  /next@15.0.3(react-dom@18.3.1)(react@18.3.1):
    resolution: {integrity: sha512-ontCbCRKJUIoivAdGB34yCaOcPgYXr9AAkV/IwqFfWWTXEPUgLYkSkqBhIk9KK7gGmgjc64B+RdoeIDM13Irnw==}
    engines: {node: ^18.18.0 || ^19.8.0 || >= 20.0.0}
    hasBin: true
    peerDependencies:
      '@opentelemetry/api': ^1.1.0
      '@playwright/test': ^1.41.2
      babel-plugin-react-compiler: '*'
      react: ^18.2.0 || 19.0.0-rc-66855b96-20241106
      react-dom: ^18.2.0 || 19.0.0-rc-66855b96-20241106
      sass: ^1.3.0
    peerDependenciesMeta:
      '@opentelemetry/api':
        optional: true
      '@playwright/test':
        optional: true
      babel-plugin-react-compiler:
        optional: true
      sass:
        optional: true
    dependencies:
      '@next/env': 15.0.3
      '@swc/counter': 0.1.3
      '@swc/helpers': 0.5.13
      busboy: 1.6.0
      caniuse-lite: 1.0.30001684
      postcss: 8.4.31
      react: 18.3.1
      react-dom: 18.3.1(react@18.3.1)
      styled-jsx: 5.1.6(react@18.3.1)
    optionalDependencies:
      '@next/swc-darwin-arm64': 15.0.3
      '@next/swc-darwin-x64': 15.0.3
      '@next/swc-linux-arm64-gnu': 15.0.3
      '@next/swc-linux-arm64-musl': 15.0.3
      '@next/swc-linux-x64-gnu': 15.0.3
      '@next/swc-linux-x64-musl': 15.0.3
      '@next/swc-win32-arm64-msvc': 15.0.3
      '@next/swc-win32-x64-msvc': 15.0.3
      sharp: 0.33.5
    transitivePeerDependencies:
      - '@babel/core'
      - babel-plugin-macros
    dev: false

  /object-assign@4.1.1:
    resolution: {integrity: sha512-rJgTQnkUnH1sFw8yT6VSU3zD3sWmu6sZhIseY8VX+GRu3P6F7Fu+JNDoXfklElbLJSnc3FUQHVe4cU5hj+BcUg==}
    engines: {node: '>=0.10.0'}
    dev: false

  /picocolors@1.1.1:
    resolution: {integrity: sha512-xceH2snhtb5M9liqDsmEw56le376mTZkEX/jEb/RxNFyegNul7eNslCXP9FDj/Lcu0X8KEyMceP2ntpaHrDEVA==}
    dev: false

  /playcanvas@2.2.2:
    resolution: {integrity: sha512-51RY/XMr20/H/PIr2N/4myMGeT3z7PgUcIDnQRf72CEdWtcOI2btGg62RsUuL8Z/LyKO1M+8cGzEQeXAIpdrag==}
    engines: {node: '>=18.0.0'}
    dependencies:
      '@types/webxr': 0.5.20
      '@webgpu/types': 0.1.51
    dev: false

  /postcss@8.4.31:
    resolution: {integrity: sha512-PS08Iboia9mts/2ygV3eLpY5ghnUcfLV/EXTOW1E2qYxJKGGBUtNjN76FYHnMs36RmARn41bC0AZmn+rR0OVpQ==}
    engines: {node: ^10 || ^12 || >=14}
    dependencies:
      nanoid: 3.3.8
      picocolors: 1.1.1
      source-map-js: 1.2.1
    dev: false

  /prop-types@15.8.1:
    resolution: {integrity: sha512-oj87CgZICdulUohogVAR7AjlC0327U4el4L6eAvOqCeudMDVU0NThNaV+b9Df4dXgSP1gXMTnPdhfe/2qDH5cg==}
    dependencies:
      loose-envify: 1.4.0
      object-assign: 4.1.1
      react-is: 16.13.1
    dev: false

  /react-colorful@5.6.1(react-dom@18.3.1)(react@18.3.1):
    resolution: {integrity: sha512-1exovf0uGTGyq5mXQT0zgQ80uvj2PCwvF8zY1RN9/vbJVSjSo3fsB/4L3ObbF7u70NduSiK4xu4Y6q1MHoUGEw==}
    peerDependencies:
      react: '>=16.8.0'
      react-dom: '>=16.8.0'
    dependencies:
      react: 18.3.1
      react-dom: 18.3.1(react@18.3.1)
    dev: false

  /react-dom@18.3.1(react@18.3.1):
    resolution: {integrity: sha512-5m4nQKp+rZRb09LNH59GM4BxTh9251/ylbKIbpe7TpGxfJ+9kv6BLkLBXIjjspbgbnIBNqlI23tRnTWT0snUIw==}
    peerDependencies:
      react: ^18.3.1
    dependencies:
      loose-envify: 1.4.0
      react: 18.3.1
      scheduler: 0.23.2
    dev: false

  /react-dropzone@12.1.0(react@18.3.1):
    resolution: {integrity: sha512-iBYHA1rbopIvtzokEX4QubO6qk5IF/x3BtKGu74rF2JkQDXnwC4uO/lHKpaw4PJIV6iIAYOlwLv2FpiGyqHNog==}
    engines: {node: '>= 10.13'}
    peerDependencies:
      react: '>= 16.8'
    dependencies:
      attr-accept: 2.2.5
      file-selector: 0.5.0
      prop-types: 15.8.1
      react: 18.3.1
    dev: false

  /react-error-boundary@4.1.2(react@18.3.1):
    resolution: {integrity: sha512-GQDxZ5Jd+Aq/qUxbCm1UtzmL/s++V7zKgE8yMktJiCQXCCFZnMZh9ng+6/Ne6PjNSXH0L9CjeOEREfRnq6Duag==}
    peerDependencies:
      react: '>=16.13.1'
    dependencies:
      '@babel/runtime': 7.26.0
      react: 18.3.1
    dev: false

  /react-is@16.13.1:
    resolution: {integrity: sha512-24e6ynE2H+OKt4kqsOvNd8kBpV65zoxbA4BVsEOB3ARVWQki/DHzaUoC5KuON/BiccDaCCTZBuOcfZs70kR8bQ==}
    dev: false

  /react@18.3.1:
    resolution: {integrity: sha512-wS+hAgJShR0KhEvPJArfuPVN1+Hz1t0Y6n5jLrGQbkb4urgPE/0Rve+1kMB1v/oWgHgm4WIcV+i7F2pTVj+2iQ==}
    engines: {node: '>=0.10.0'}
    dependencies:
      loose-envify: 1.4.0
    dev: false

  /regenerator-runtime@0.14.1:
    resolution: {integrity: sha512-dYnhHh0nJoMfnkZs6GmmhFknAGRrLznOu5nc9ML+EJxGvrx6H7teuevqVqCuPcPK//3eDrrjQhehXVx9cnkGdw==}
    dev: false

  /scheduler@0.23.2:
    resolution: {integrity: sha512-UOShsPwz7NrMUqhR6t0hWjFduvOzbtv7toDH1/hIrfRNIDBnnBWd0CwJTGvTpngVlmwGCdP9/Zl/tVrDqcuYzQ==}
    dependencies:
      loose-envify: 1.4.0
    dev: false

  /semver@7.6.3:
    resolution: {integrity: sha512-oVekP1cKtI+CTDvHWYFUcMtsK/00wmAEfyqKfNdARm8u1wNVhSgaX7A8d4UuIlUI5e84iEwOhs7ZPYRmzU9U6A==}
    engines: {node: '>=10'}
    hasBin: true
    requiresBuild: true
    dev: false
    optional: true

  /set-value@2.0.1:
    resolution: {integrity: sha512-JxHc1weCN68wRY0fhCoXpyK55m/XPHafOmK4UWD7m2CI14GMcFypt4w/0+NV5f/ZMby2F6S2wwA7fgynh9gWSw==}
    engines: {node: '>=0.10.0'}
    dependencies:
      extend-shallow: 2.0.1
      is-extendable: 0.1.1
      is-plain-object: 2.0.4
      split-string: 3.1.0
    dev: false

  /sharp@0.33.5:
    resolution: {integrity: sha512-haPVm1EkS9pgvHrQ/F3Xy+hgcuMV0Wm9vfIBSiwZ05k+xgb0PkBQpGsAA/oWdDobNaZTH5ppvHtzCFbnSEwHVw==}
    engines: {node: ^18.17.0 || ^20.3.0 || >=21.0.0}
    requiresBuild: true
    dependencies:
      color: 4.2.3
      detect-libc: 2.0.3
      semver: 7.6.3
    optionalDependencies:
      '@img/sharp-darwin-arm64': 0.33.5
      '@img/sharp-darwin-x64': 0.33.5
      '@img/sharp-libvips-darwin-arm64': 1.0.4
      '@img/sharp-libvips-darwin-x64': 1.0.4
      '@img/sharp-libvips-linux-arm': 1.0.5
      '@img/sharp-libvips-linux-arm64': 1.0.4
      '@img/sharp-libvips-linux-s390x': 1.0.4
      '@img/sharp-libvips-linux-x64': 1.0.4
      '@img/sharp-libvips-linuxmusl-arm64': 1.0.4
      '@img/sharp-libvips-linuxmusl-x64': 1.0.4
      '@img/sharp-linux-arm': 0.33.5
      '@img/sharp-linux-arm64': 0.33.5
      '@img/sharp-linux-s390x': 0.33.5
      '@img/sharp-linux-x64': 0.33.5
      '@img/sharp-linuxmusl-arm64': 0.33.5
      '@img/sharp-linuxmusl-x64': 0.33.5
      '@img/sharp-wasm32': 0.33.5
      '@img/sharp-win32-ia32': 0.33.5
      '@img/sharp-win32-x64': 0.33.5
    dev: false
    optional: true

  /simple-swizzle@0.2.2:
    resolution: {integrity: sha512-JA//kQgZtbuY83m+xT+tXJkmJncGMTFT+C+g2h2R9uxkYIrE2yy9sgmcLhCnw57/WSD+Eh3J97FPEDFnbXnDUg==}
    requiresBuild: true
    dependencies:
      is-arrayish: 0.3.2
    dev: false
    optional: true

  /source-map-js@1.2.1:
    resolution: {integrity: sha512-UXWMKhLOwVKb728IUtQPXxfYU+usdybtUrK/8uGE8CQMvrhOpwvzDBwj0QhSL7MQc7vIsISBG8VQ8+IDQxpfQA==}
    engines: {node: '>=0.10.0'}
    dev: false

  /split-string@3.1.0:
    resolution: {integrity: sha512-NzNVhJDYpwceVVii8/Hu6DKfD2G+NrQHlS/V/qgv763EYudVwEcMQNxd2lh+0VrUByXN/oJkl5grOhYWvQUYiw==}
    engines: {node: '>=0.10.0'}
    dependencies:
      extend-shallow: 3.0.2
    dev: false

  /streamsearch@1.1.0:
    resolution: {integrity: sha512-Mcc5wHehp9aXz1ax6bZUyY5afg9u2rv5cqQI3mRrYkGC8rW2hM02jWuwjtL++LS5qinSyhj2QfLyNsuc+VsExg==}
    engines: {node: '>=10.0.0'}
    dev: false

  /styled-jsx@5.1.6(react@18.3.1):
    resolution: {integrity: sha512-qSVyDTeMotdvQYoHWLNGwRFJHC+i+ZvdBRYosOFgC+Wg1vx4frN2/RG/NA7SYqqvKNLf39P2LSRA2pu6n0XYZA==}
    engines: {node: '>= 12.0.0'}
    peerDependencies:
      '@babel/core': '*'
      babel-plugin-macros: '*'
      react: '>= 16.8.0 || 17.x.x || ^18.0.0-0 || ^19.0.0-0'
    peerDependenciesMeta:
      '@babel/core':
        optional: true
      babel-plugin-macros:
        optional: true
    dependencies:
      client-only: 0.0.1
      react: 18.3.1
    dev: false

  /tslib@2.8.1:
    resolution: {integrity: sha512-oJFu94HQb+KVduSUQL7wnpmqnfmLsOA/nAh6b6EH0wCEoK0/mPeXU6c3wKDV83MkOuHPRHtSXKKU99IBazS/2w==}
    dev: false

  /typescript@5.5.4:
    resolution: {integrity: sha512-Mtq29sKDAEYP7aljRgtPOpTvOfbwRWlS6dPRzwjdE+C0R4brX/GUyhHSecbHMFLNBLcJIPt9nl9yG5TZ1weH+Q==}
    engines: {node: '>=14.17'}
    hasBin: true
    dev: true

  /undici-types@6.19.8:
    resolution: {integrity: sha512-ve2KP6f/JnbPBFyobGHuerC9g1FYGn/F8n1LWTwNxCEzd6IfqTwUQcNXgEtmmQ6DlRrC1hrSrBnCZPokRrDHjw==}
    dev: true

  /v8n@1.5.1:
    resolution: {integrity: sha512-LdabyT4OffkyXFCe9UT+uMkxNBs5rcTVuZClvxQr08D5TUgo1OFKkoT65qYRCsiKBl/usHjpXvP4hHMzzDRj3A==}
    dev: false

  /zustand@3.7.2(react@18.3.1):
    resolution: {integrity: sha512-PIJDIZKtokhof+9+60cpockVOq05sJzHCriyvaLBmEJixseQ1a5Kdov6fWZfWOu5SK9c+FhH1jU0tntLxRJYMA==}
    engines: {node: '>=12.7.0'}
    peerDependencies:
      react: '>=16.8'
    peerDependenciesMeta:
      react:
        optional: true
    dependencies:
      react: 18.3.1
    dev: false
